
Microsoft Visual Studio Solution File, Format Version 12.00
# Visual Studio 15
VisualStudioVersion = 15.0.28307.852
MinimumVisualStudioVersion = 10.0.40219.1
Project("{FAE04EC0-301F-11D3-BF4B-00C04F79EFBC}") = "MovieSystem", "MovieServices\MovieSystem.csproj", "{09BFAA71-FFB0-4FC6-AF02-D0A36E6F76F5}"
EndProject
Project("{FAE04EC0-301F-11D3-BF4B-00C04F79EFBC}") = "MovieSystem.Model", "MovieSystem.Model\MovieSystem.Model.csproj", "{96E1A142-11A5-4398-9445-7B17BDFDE0F2}"
EndProject
Project("{FAE04EC0-301F-11D3-BF4B-00C04F79EFBC}") = "MovieSystem.Repository", "MovieSystem.Repository\MovieSystem.Repository.csproj", "{8CCD25DD-D59F-4406-8092-6F09F051E405}"
EndProject
Project("{FAE04EC0-301F-11D3-BF4B-00C04F79EFBC}") = "MovieSystem.AppService", "MovieSystem.AppService\MovieSystem.AppService.csproj", "{418B91B4-C257-44CE-8317-7DD2D812ED2F}"
EndProject
Project("{FAE04EC0-301F-11D3-BF4B-00C04F79EFBC}") = "TestMovieSystem", "TestMovieSystem\TestMovieSystem.csproj", "{8B276DF5-C41E-4ACE-A919-83CD802D800D}"
EndProject
Global
	GlobalSection(SolutionConfigurationPlatforms) = preSolution
		Debug|Any CPU = Debug|Any CPU
		Release|Any CPU = Release|Any CPU
	EndGlobalSection
	GlobalSection(ProjectConfigurationPlatforms) = postSolution
		{09BFAA71-FFB0-4FC6-AF02-D0A36E6F76F5}.Debug|Any CPU.ActiveCfg = Debug|Any CPU
		{09BFAA71-FFB0-4FC6-AF02-D0A36E6F76F5}.Debug|Any CPU.Build.0 = Debug|Any CPU
		{09BFAA71-FFB0-4FC6-AF02-D0A36E6F76F5}.Release|Any CPU.ActiveCfg = Release|Any CPU
		{09BFAA71-FFB0-4FC6-AF02-D0A36E6F76F5}.Release|Any CPU.Build.0 = Release|Any CPU
		{96E1A142-11A5-4398-9445-7B17BDFDE0F2}.Debug|Any CPU.ActiveCfg = Debug|Any CPU
		{96E1A142-11A5-4398-9445-7B17BDFDE0F2}.Debug|Any CPU.Build.0 = Debug|Any CPU
		{96E1A142-11A5-4398-9445-7B17BDFDE0F2}.Release|Any CPU.ActiveCfg = Release|Any CPU
		{96E1A142-11A5-4398-9445-7B17BDFDE0F2}.Release|Any CPU.Build.0 = Release|Any CPU
		{8CCD25DD-D59F-4406-8092-6F09F051E405}.Debug|Any CPU.ActiveCfg = Debug|Any CPU
		{8CCD25DD-D59F-4406-8092-6F09F051E405}.Debug|Any CPU.Build.0 = Debug|Any CPU
		{8CCD25DD-D59F-4406-8092-6F09F051E405}.Release|Any CPU.ActiveCfg = Release|Any CPU
		{8CCD25DD-D59F-4406-8092-6F09F051E405}.Release|Any CPU.Build.0 = Release|Any CPU
		{418B91B4-C257-44CE-8317-7DD2D812ED2F}.Debug|Any CPU.ActiveCfg = Debug|Any CPU
		{418B91B4-C257-44CE-8317-7DD2D812ED2F}.Debug|Any CPU.Build.0 = Debug|Any CPU
		{418B91B4-C257-44CE-8317-7DD2D812ED2F}.Release|Any CPU.ActiveCfg = Release|Any CPU
		{418B91B4-C257-44CE-8317-7DD2D812ED2F}.Release|Any CPU.Build.0 = Release|Any CPU
		{8B276DF5-C41E-4ACE-A919-83CD802D800D}.Debug|Any CPU.ActiveCfg = Debug|Any CPU
		{8B276DF5-C41E-4ACE-A919-83CD802D800D}.Debug|Any CPU.Build.0 = Debug|Any CPU
		{8B276DF5-C41E-4ACE-A919-83CD802D800D}.Release|Any CPU.ActiveCfg = Release|Any CPU
		{8B276DF5-C41E-4ACE-A919-83CD802D800D}.Release|Any CPU.Build.0 = Release|Any CPU
	EndGlobalSection
	GlobalSection(SolutionProperties) = preSolution
		HideSolutionNode = FALSE
	EndGlobalSection
	GlobalSection(ExtensibilityGlobals) = postSolution
		SolutionGuid = {060F4777-2D80-4A2B-B06A-A43A84FA6AA3}
	EndGlobalSection
EndGlobal
